{
    "_readme": [
        "This file locks the dependencies of your project to a known state",
        "Read more about it at https://getcomposer.org/doc/01-basic-usage.md#installing-dependencies",
        "This file is @generated automatically"
    ],
    "content-hash": "d622878af67e84d767fb77de157e3845",
    "packages": [
        {
            "name": "rapidwebltd/rw-file-cache",
            "version": "v1.2.5",
            "source": {
                "type": "git",
                "url": "https://github.com/rapidwebltd/RW-File-Cache.git",
                "reference": "4a1d5aaefa6ffafec8e2d60787f12bcd9890977e"
            },
            "dist": {
                "type": "zip",
                "url": "https://api.github.com/repos/rapidwebltd/RW-File-Cache/zipball/4a1d5aaefa6ffafec8e2d60787f12bcd9890977e",
                "reference": "4a1d5aaefa6ffafec8e2d60787f12bcd9890977e",
                "shasum": ""
            },
            "require": {
                "php": ">=5.2.1"
            },
            "require-dev": {
                "phpunit/phpunit": "^5.7"
            },
            "type": "library",
            "extra": {
                "branch-alias": {
                    "dev-master": "1.0-dev"
                }
            },
            "autoload": {
                "psr-4": {
                    "rapidweb\\RWFileCache\\": "src/"
                }
            },
            "notification-url": "https://packagist.org/downloads/",
            "license": [
                "LGPL-3.0-only"
            ],
            "description": "RW File Cache is a PHP File-based Caching Library. Its syntax is designed to closely resemble the PHP memcache extension.",
            "homepage": "https://github.com/rapidwebltd/RW-File-Cache",
            "keywords": [
                "cache",
                "caching",
                "caching library",
                "file cache",
                "library",
                "php"
            ],
            "support": {
                "issues": "https://github.com/rapidwebltd/RW-File-Cache/issues",
                "source": "https://github.com/rapidwebltd/RW-File-Cache/tree/master"
            },
            "time": "2018-01-23T17:20:58+00:00"
        }
    ],
    "packages-dev": [],
    "aliases": [],
    "minimum-stability": "stable",
    "stability-flags": [],
    "prefer-stable": false,
    "prefer-lowest": false,
    "platform": [],
    "platform-dev": [],
    "plugin-api-version": "2.0.0"
}
